# @generated by Move, please check-in and do not edit manually.

[move]
version = 3
manifest_digest = "7925F0CF440325EF6F7C12D776ECA2018416E351FF84D78155CF83FE440F998F"
deps_digest = "F9B494B64F0615AED0E98FC12A85B85ECD2BC5185C22D30E7F67786BB52E507C"
dependencies = [
  { id = "Iota", name = "Iota" },
  { id = "IotaSystem", name = "IotaSystem" },
  { id = "MoveStdlib", name = "MoveStdlib" },
  { id = "Stardust", name = "Stardust" },
]

[[move.package]]
id = "Iota"
source = { git = "https://github.com/iotaledger/iota.git", rev = "6bfe08416465aec56850c60be65c6b827b3c10ee", subdir = "crates/iota-framework/packages/iota-framework" }

dependencies = [
  { id = "MoveStdlib", name = "MoveStdlib" },
]

[[move.package]]
id = "IotaSystem"
source = { git = "https://github.com/iotaledger/iota.git", rev = "6bfe08416465aec56850c60be65c6b827b3c10ee", subdir = "crates/iota-framework/packages/iota-system" }

dependencies = [
  { id = "Iota", name = "Iota" },
  { id = "MoveStdlib", name = "MoveStdlib" },
]

[[move.package]]
id = "MoveStdlib"
source = { git = "https://github.com/iotaledger/iota.git", rev = "6bfe08416465aec56850c60be65c6b827b3c10ee", subdir = "crates/iota-framework/packages/move-stdlib" }

[[move.package]]
id = "Stardust"
source = { git = "https://github.com/iotaledger/iota.git", rev = "6bfe08416465aec56850c60be65c6b827b3c10ee", subdir = "crates/iota-framework/packages/stardust" }

dependencies = [
  { id = "Iota", name = "Iota" },
  { id = "MoveStdlib", name = "MoveStdlib" },
]

[move.toolchain-version]
compiler-version = "1.12.0-beta"
edition = "2024"
flavor = "iota"

[env]

[env.testnet]
chain-id = "2304aa97"
original-published-id = "0xfa567025a8575ce22ee6481b36201c768735c9f0cad32d81ae6474a08da0879c"
latest-published-id = "0xfa567025a8575ce22ee6481b36201c768735c9f0cad32d81ae6474a08da0879c"
published-version = "1"
